
Microsoft Visual Studio Solution File, Format Version 12.00
# Visual Studio Version 17
VisualStudioVersion = 17.3.32901.215
MinimumVisualStudioVersion = 10.0.40219.1
Project("{FAE04EC0-301F-11D3-BF4B-00C04F79EFBC}") = "chatServerCS202", "chatServerCS202.csproj", "{42B3A521-571C-4802-94AC-7C87A02E0F07}"
EndProject
Project("{FAE04EC0-301F-11D3-BF4B-00C04F79EFBC}") = "chatClientCS202", "..\chatClientCS202\chatClientCS202.csproj", "{ED306F54-F6E8-44C0-B498-EEE1E2645B49}"
EndProject
Global
	GlobalSection(SolutionConfigurationPlatforms) = preSolution
		Debug|Any CPU = Debug|Any CPU
		Release|Any CPU = Release|Any CPU
	EndGlobalSection
	GlobalSection(ProjectConfigurationPlatforms) = postSolution
		{42B3A521-571C-4802-94AC-7C87A02E0F07}.Debug|Any CPU.ActiveCfg = Debug|Any CPU
		{42B3A521-571C-4802-94AC-7C87A02E0F07}.Debug|Any CPU.Build.0 = Debug|Any CPU
		{42B3A521-571C-4802-94AC-7C87A02E0F07}.Release|Any CPU.ActiveCfg = Release|Any CPU
		{42B3A521-571C-4802-94AC-7C87A02E0F07}.Release|Any CPU.Build.0 = Release|Any CPU
		{ED306F54-F6E8-44C0-B498-EEE1E2645B49}.Debug|Any CPU.ActiveCfg = Debug|Any CPU
		{ED306F54-F6E8-44C0-B498-EEE1E2645B49}.Debug|Any CPU.Build.0 = Debug|Any CPU
		{ED306F54-F6E8-44C0-B498-EEE1E2645B49}.Release|Any CPU.ActiveCfg = Release|Any CPU
		{ED306F54-F6E8-44C0-B498-EEE1E2645B49}.Release|Any CPU.Build.0 = Release|Any CPU
	EndGlobalSection
	GlobalSection(SolutionProperties) = preSolution
		HideSolutionNode = FALSE
	EndGlobalSection
	GlobalSection(ExtensibilityGlobals) = postSolution
		SolutionGuid = {F9C9787D-5D44-42B6-A530-D780EDF720E2}
	EndGlobalSection
EndGlobal
