<?xml version="1.0" encoding="utf-8"?>
<Project ToolsVersion="4.0" xmlns="http://schemas.microsoft.com/developer/msbuild/2003">
  <ItemGroup>
    <Filter Include="리소스 파일">
      <UniqueIdentifier>{67DA6AB6-F800-4c08-8B7A-83BB121AAD01}</UniqueIdentifier>
      <Extensions>rc;ico;cur;bmp;dlg;rc2;rct;bin;rgs;gif;jpg;jpeg;jpe;resx;tiff;tif;png;wav;mfcribbon-ms</Extensions>
    </Filter>
    <Filter Include="Engine">
      <UniqueIdentifier>{7153fdb0-ab98-4328-a73d-7221257fb05b}</UniqueIdentifier>
    </Filter>
    <Filter Include="Engine\01. Header">
      <UniqueIdentifier>{1e9e225a-67d9-4d66-b5d7-e5aeb3862997}</UniqueIdentifier>
    </Filter>
    <Filter Include="Engine\02. Core">
      <UniqueIdentifier>{33ca6b41-9567-4fae-9c83-04abfed4161f}</UniqueIdentifier>
    </Filter>
    <Filter Include="Engine\03. Manager">
      <UniqueIdentifier>{91e93f7a-3589-412e-90b4-560a6ca245b0}</UniqueIdentifier>
    </Filter>
    <Filter Include="Engine\03. Manager\KeyManager">
      <UniqueIdentifier>{faa84ebb-c8e9-489f-927a-e16d1527925b}</UniqueIdentifier>
    </Filter>
    <Filter Include="Engine\03. Manager\TimeManager">
      <UniqueIdentifier>{9691518a-3dfb-4829-a5df-53ef5e6998b4}</UniqueIdentifier>
    </Filter>
    <Filter Include="Engine\04. Object">
      <UniqueIdentifier>{2847171c-2573-40b5-8486-d9101985e593}</UniqueIdentifier>
    </Filter>
    <Filter Include="Engine\05. Scene">
      <UniqueIdentifier>{f8e17b35-a206-422d-a324-9347f3850118}</UniqueIdentifier>
    </Filter>
    <Filter Include="Engine\05. Scene\MainScene">
      <UniqueIdentifier>{5f56c702-4355-4a0a-b40a-2b471d7c771a}</UniqueIdentifier>
    </Filter>
    <Filter Include="Engine\03. Manager\SceneManager">
      <UniqueIdentifier>{348d9b40-4294-4c28-947a-0358fd42d1e6}</UniqueIdentifier>
    </Filter>
    <Filter Include="Engine\06. Resource">
      <UniqueIdentifier>{b0308164-0557-4748-b613-cbd1ed09633e}</UniqueIdentifier>
    </Filter>
    <Filter Include="Engine\03. Manager\PahtManager">
      <UniqueIdentifier>{ea4f8931-da84-4b60-b6e7-bdbf490f6c5b}</UniqueIdentifier>
    </Filter>
    <Filter Include="Engine\03. Manager\ResManager">
      <UniqueIdentifier>{f1d6b8d9-49e1-4574-882a-2b62d5ebcf76}</UniqueIdentifier>
    </Filter>
    <Filter Include="Engine\07. Component">
      <UniqueIdentifier>{03ce671e-1f77-44e1-bbce-4cefdb17aca7}</UniqueIdentifier>
    </Filter>
    <Filter Include="Engine\08. Module">
      <UniqueIdentifier>{e7bdb0d3-8a7c-4404-afca-9c2e8aca55d3}</UniqueIdentifier>
    </Filter>
    <Filter Include="Engine\03. Manager\CollisionManager">
      <UniqueIdentifier>{c9a77069-7e7d-4c0c-ac5b-63cb196bfd7e}</UniqueIdentifier>
    </Filter>
    <Filter Include="Engine\03. Manager\EventManager">
      <UniqueIdentifier>{20ae65b8-309c-4bf7-ac3b-7d92da052d89}</UniqueIdentifier>
    </Filter>
  </ItemGroup>
  <ItemGroup>
    <ClInclude Include="define.h">
      <Filter>Engine\01. Header</Filter>
    </ClInclude>
    <ClInclude Include="KeyManager.h">
      <Filter>Engine\03. Manager\KeyManager</Filter>
    </ClInclude>
    <ClInclude Include="TimeManager.h">
      <Filter>Engine\03. Manager\TimeManager</Filter>
    </ClInclude>
    <ClInclude Include="pch.h">
      <Filter>Engine\01. Header</Filter>
    </ClInclude>
    <ClInclude Include="BaseWindow.h">
      <Filter>Engine\02. Core</Filter>
    </ClInclude>
    <ClInclude Include="Core.h">
      <Filter>Engine\02. Core</Filter>
    </ClInclude>
    <ClInclude Include="Object.h">
      <Filter>Engine\04. Object</Filter>
    </ClInclude>
    <ClInclude Include="Vector2.h">
      <Filter>Engine\01. Header</Filter>
    </ClInclude>
    <ClInclude Include="targetver.h">
      <Filter>Engine\01. Header</Filter>
    </ClInclude>
    <ClInclude Include="framework.h">
      <Filter>Engine\01. Header</Filter>
    </ClInclude>
    <ClInclude Include="enums.h">
      <Filter>Engine\01. Header</Filter>
    </ClInclude>
    <ClInclude Include="Scene.h">
      <Filter>Engine\05. Scene</Filter>
    </ClInclude>
    <ClInclude Include="SceneManager.h">
      <Filter>Engine\03. Manager\SceneManager</Filter>
    </ClInclude>
    <ClInclude Include="StartScene.h">
      <Filter>Engine\05. Scene\MainScene</Filter>
    </ClInclude>
    <ClInclude Include="GameScene.h">
      <Filter>Engine\05. Scene\MainScene</Filter>
    </ClInclude>
    <ClInclude Include="Player.h" />
    <ClInclude Include="Monster.h" />
    <ClInclude Include="Bullet.h" />
    <ClInclude Include="Res.h">
      <Filter>Engine\06. Resource</Filter>
    </ClInclude>
    <ClInclude Include="Texture.h">
      <Filter>Engine\06. Resource</Filter>
    </ClInclude>
    <ClInclude Include="PathManager.h">
      <Filter>Engine\03. Manager\PahtManager</Filter>
    </ClInclude>
    <ClInclude Include="ResManager.h">
      <Filter>Engine\03. Manager\ResManager</Filter>
    </ClInclude>
    <ClInclude Include="Collider.h">
      <Filter>Engine\07. Component</Filter>
    </ClInclude>
    <ClInclude Include="SelectGDI.h">
      <Filter>Engine\08. Module</Filter>
    </ClInclude>
    <ClInclude Include="CollisionManager.h">
      <Filter>Engine\03. Manager\CollisionManager</Filter>
    </ClInclude>
    <ClInclude Include="EventManager.h">
      <Filter>Engine\03. Manager\EventManager</Filter>
    </ClInclude>
    <ClInclude Include="Animation.h">
      <Filter>Engine\07. Component</Filter>
    </ClInclude>
    <ClInclude Include="Animator.h">
      <Filter>Engine\07. Component</Filter>
    </ClInclude>
  </ItemGroup>
  <ItemGroup>
    <ResourceCompile Include="H00NFramework.rc">
      <Filter>리소스 파일</Filter>
    </ResourceCompile>
  </ItemGroup>
  <ItemGroup>
    <Image Include="small.ico">
      <Filter>리소스 파일</Filter>
    </Image>
    <Image Include="H00NFramework.ico">
      <Filter>리소스 파일</Filter>
    </Image>
  </ItemGroup>
  <ItemGroup>
    <ClCompile Include="main.cpp">
      <Filter>Engine</Filter>
    </ClCompile>
    <ClCompile Include="Core.cpp">
      <Filter>Engine\02. Core</Filter>
    </ClCompile>
    <ClCompile Include="KeyManager.cpp">
      <Filter>Engine\03. Manager\KeyManager</Filter>
    </ClCompile>
    <ClCompile Include="TimeManager.cpp">
      <Filter>Engine\03. Manager\TimeManager</Filter>
    </ClCompile>
    <ClCompile Include="BaseWindow.cpp">
      <Filter>Engine\02. Core</Filter>
    </ClCompile>
    <ClCompile Include="Object.cpp">
      <Filter>Engine\04. Object</Filter>
    </ClCompile>
    <ClCompile Include="Vector2.cpp">
      <Filter>Engine\01. Header</Filter>
    </ClCompile>
    <ClCompile Include="Scene.cpp">
      <Filter>Engine\05. Scene</Filter>
    </ClCompile>
    <ClCompile Include="SceneManager.cpp">
      <Filter>Engine\03. Manager\SceneManager</Filter>
    </ClCompile>
    <ClCompile Include="StartScene.cpp">
      <Filter>Engine\05. Scene\MainScene</Filter>
    </ClCompile>
    <ClCompile Include="GameScene.cpp">
      <Filter>Engine\05. Scene\MainScene</Filter>
    </ClCompile>
    <ClCompile Include="Player.cpp" />
    <ClCompile Include="Monster.cpp" />
    <ClCompile Include="Bullet.cpp" />
    <ClCompile Include="Res.cpp">
      <Filter>Engine\06. Resource</Filter>
    </ClCompile>
    <ClCompile Include="Texture.cpp">
      <Filter>Engine\06. Resource</Filter>
    </ClCompile>
    <ClCompile Include="PathManager.cpp">
      <Filter>Engine\03. Manager\PahtManager</Filter>
    </ClCompile>
    <ClCompile Include="ResManager.cpp">
      <Filter>Engine\03. Manager\ResManager</Filter>
    </ClCompile>
    <ClCompile Include="Collider.cpp">
      <Filter>Engine\07. Component</Filter>
    </ClCompile>
    <ClCompile Include="SelectGDI.cpp">
      <Filter>Engine\08. Module</Filter>
    </ClCompile>
    <ClCompile Include="CollisionManager.cpp">
      <Filter>Engine\03. Manager\CollisionManager</Filter>
    </ClCompile>
    <ClCompile Include="EventManager.cpp">
      <Filter>Engine\03. Manager\EventManager</Filter>
    </ClCompile>
    <ClCompile Include="Animation.cpp">
      <Filter>Engine\07. Component</Filter>
    </ClCompile>
    <ClCompile Include="Animator.cpp">
      <Filter>Engine\07. Component</Filter>
    </ClCompile>
  </ItemGroup>
</Project>