<?xml version="1.0" encoding="utf-8"?>
<Project ToolsVersion="4.0" xmlns="http://schemas.microsoft.com/developer/msbuild/2003">
  <ItemGroup>
    <Filter Include="헤더 파일">
      <UniqueIdentifier>{93995380-89BD-4b04-88EB-625FBE52EBFB}</UniqueIdentifier>
      <Extensions>h;hh;hpp;hxx;h++;hm;inl;inc;ipp;xsd</Extensions>
    </Filter>
    <Filter Include="리소스 파일">
      <UniqueIdentifier>{67DA6AB6-F800-4c08-8B7A-83BB121AAD01}</UniqueIdentifier>
      <Extensions>rc;ico;cur;bmp;dlg;rc2;rct;bin;rgs;gif;jpg;jpeg;jpe;resx;tiff;tif;png;wav;mfcribbon-ms</Extensions>
    </Filter>
    <Filter Include="Engine">
      <UniqueIdentifier>{7153fdb0-ab98-4328-a73d-7221257fb05b}</UniqueIdentifier>
    </Filter>
    <Filter Include="Engine\01. Header">
      <UniqueIdentifier>{1e9e225a-67d9-4d66-b5d7-e5aeb3862997}</UniqueIdentifier>
    </Filter>
    <Filter Include="Engine\02. Core">
      <UniqueIdentifier>{33ca6b41-9567-4fae-9c83-04abfed4161f}</UniqueIdentifier>
    </Filter>
    <Filter Include="Engine\03. Manager">
      <UniqueIdentifier>{91e93f7a-3589-412e-90b4-560a6ca245b0}</UniqueIdentifier>
    </Filter>
    <Filter Include="Engine\03. Manager\KeyManager">
      <UniqueIdentifier>{faa84ebb-c8e9-489f-927a-e16d1527925b}</UniqueIdentifier>
    </Filter>
    <Filter Include="Engine\03. Manager\TimeManager">
      <UniqueIdentifier>{9691518a-3dfb-4829-a5df-53ef5e6998b4}</UniqueIdentifier>
    </Filter>
  </ItemGroup>
  <ItemGroup>
    <ClInclude Include="framework.h">
      <Filter>헤더 파일</Filter>
    </ClInclude>
    <ClInclude Include="targetver.h">
      <Filter>헤더 파일</Filter>
    </ClInclude>
    <ClInclude Include="Resource.h">
      <Filter>헤더 파일</Filter>
    </ClInclude>
    <ClInclude Include="define.h">
      <Filter>Engine\01. Header</Filter>
    </ClInclude>
    <ClInclude Include="KeyManager.h">
      <Filter>Engine\03. Manager\KeyManager</Filter>
    </ClInclude>
    <ClInclude Include="TimeManager.h">
      <Filter>Engine\03. Manager\TimeManager</Filter>
    </ClInclude>
    <ClInclude Include="pch.h">
      <Filter>Engine\01. Header</Filter>
    </ClInclude>
    <ClInclude Include="BaseWindow.h">
      <Filter>Engine\02. Core</Filter>
    </ClInclude>
    <ClInclude Include="Core.h">
      <Filter>Engine\02. Core</Filter>
    </ClInclude>
  </ItemGroup>
  <ItemGroup>
    <ResourceCompile Include="H00NFramework.rc">
      <Filter>리소스 파일</Filter>
    </ResourceCompile>
  </ItemGroup>
  <ItemGroup>
    <Image Include="small.ico">
      <Filter>리소스 파일</Filter>
    </Image>
    <Image Include="H00NFramework.ico">
      <Filter>리소스 파일</Filter>
    </Image>
  </ItemGroup>
  <ItemGroup>
    <ClCompile Include="main.cpp">
      <Filter>Engine</Filter>
    </ClCompile>
    <ClCompile Include="Core.cpp">
      <Filter>Engine\02. Core</Filter>
    </ClCompile>
    <ClCompile Include="KeyManager.cpp">
      <Filter>Engine\03. Manager\KeyManager</Filter>
    </ClCompile>
    <ClCompile Include="TimeManager.cpp">
      <Filter>Engine\03. Manager\TimeManager</Filter>
    </ClCompile>
    <ClCompile Include="BaseWindow.cpp">
      <Filter>Engine\02. Core</Filter>
    </ClCompile>
  </ItemGroup>
</Project>